# This file was autogenerated by Stack.
# You should not edit this file by hand.
# For more information, please see the documentation at:
#   https://docs.haskellstack.org/en/stable/topics/lock_files

packages:
- completed:
    hackage: co-log-concurrent-0.5.1.1@sha256:0f9967331b280bf90864672f2170d2895766c45158d3569c18cbca75e4cf3d1c,2893
    pantry-tree:
      sha256: deeeea2e1b1197ef478fbceb21bbbeb5bc30e5de6a3c05cf775e2ae962a10edd
      size: 366
  original:
    hackage: co-log-concurrent-0.5.1.1
snapshots:
- completed:
    sha256: 7e724f347d5969cb5e8dde9f9aae30996e3231c29d1dafd45f21f1700d4c4fcb
    size: 684460
    url: https://raw.githubusercontent.com/commercialhaskell/stackage-snapshots/master/lts/23/28.yaml
  original: lts-23.28
